
Microsoft Visual Studio Solution File, Format Version 12.00
# Visual Studio Version 17
VisualStudioVersion = 17.8.34525.116
MinimumVisualStudioVersion = 10.0.40219.1
Project("{FAE04EC0-301F-11D3-BF4B-00C04F79EFBC}") = "ConsoleApp4", "ConsoleApp4\ConsoleApp4.csproj", "{FEAFDAA2-14C8-44E4-A37A-3EC7FA11F01E}"
EndProject
Global
	GlobalSection(SolutionConfigurationPlatforms) = preSolution
		Debug|Any CPU = Debug|Any CPU
		Release|Any CPU = Release|Any CPU
	EndGlobalSection
	GlobalSection(ProjectConfigurationPlatforms) = postSolution
		{FEAFDAA2-14C8-44E4-A37A-3EC7FA11F01E}.Debug|Any CPU.ActiveCfg = Debug|Any CPU
		{FEAFDAA2-14C8-44E4-A37A-3EC7FA11F01E}.Debug|Any CPU.Build.0 = Debug|Any CPU
		{FEAFDAA2-14C8-44E4-A37A-3EC7FA11F01E}.Release|Any CPU.ActiveCfg = Release|Any CPU
		{FEAFDAA2-14C8-44E4-A37A-3EC7FA11F01E}.Release|Any CPU.Build.0 = Release|Any CPU
	EndGlobalSection
	GlobalSection(SolutionProperties) = preSolution
		HideSolutionNode = FALSE
	EndGlobalSection
	GlobalSection(ExtensibilityGlobals) = postSolution
		SolutionGuid = {64F59763-C330-49AB-A598-F965B1F6EB01}
	EndGlobalSection
EndGlobal
